
Microsoft Visual Studio Solution File, Format Version 12.00
# Visual Studio Version 17
VisualStudioVersion = 17.0.31903.59
MinimumVisualStudioVersion = 10.0.40219.1
Project("{2150E333-8FDC-42A3-9474-1A3956D46DE8}") = "services", "services", "{EF6A128A-E4A9-462B-BADF-D1B17FA36D73}"
EndProject
Project("{2150E333-8FDC-42A3-9474-1A3956D46DE8}") = "identity", "identity", "{6B87B05C-891A-491D-A2E1-AF49173C0BD6}"
EndProject
Project("{2150E333-8FDC-42A3-9474-1A3956D46DE8}") = "src", "src", "{F8146F23-605A-412A-97E4-57D677C744B1}"
EndProject
Project("{FAE04EC0-301F-11D3-BF4B-00C04F79EFBC}") = "Identity.Api", "services\identity\src\Identity.Api\Identity.Api.csproj", "{F4AD2E47-287C-483D-9E00-7EE9BFF92608}"
EndProject
Project("{2150E333-8FDC-42A3-9474-1A3956D46DE8}") = "catalog", "catalog", "{F5F189A8-E468-41BE-8B3E-2D1DF31FA9B3}"
EndProject
Project("{2150E333-8FDC-42A3-9474-1A3956D46DE8}") = "src", "src", "{5C02ACB9-A984-4A9D-B06E-24FA1D03199E}"
EndProject
Project("{FAE04EC0-301F-11D3-BF4B-00C04F79EFBC}") = "Catalog.Api", "services\catalog\src\Catalog.Api\Catalog.Api.csproj", "{C9E538BC-3090-4599-AA9C-720803040583}"
EndProject
Project("{2150E333-8FDC-42A3-9474-1A3956D46DE8}") = "orders", "orders", "{8DC4ED37-80E0-474C-BECC-0E0B740A6873}"
EndProject
Project("{2150E333-8FDC-42A3-9474-1A3956D46DE8}") = "src", "src", "{B5A9A283-B7A6-4616-8625-07F9E61F237C}"
EndProject
Project("{FAE04EC0-301F-11D3-BF4B-00C04F79EFBC}") = "Orders.Api", "services\orders\src\Orders.Api\Orders.Api.csproj", "{1AD50663-31CA-44C3-B024-D80D3AF12DAF}"
EndProject
Global
	GlobalSection(SolutionConfigurationPlatforms) = preSolution
		Debug|Any CPU = Debug|Any CPU
		Release|Any CPU = Release|Any CPU
	EndGlobalSection
	GlobalSection(SolutionProperties) = preSolution
		HideSolutionNode = FALSE
	EndGlobalSection
	GlobalSection(ProjectConfigurationPlatforms) = postSolution
		{F4AD2E47-287C-483D-9E00-7EE9BFF92608}.Debug|Any CPU.ActiveCfg = Debug|Any CPU
		{F4AD2E47-287C-483D-9E00-7EE9BFF92608}.Debug|Any CPU.Build.0 = Debug|Any CPU
		{F4AD2E47-287C-483D-9E00-7EE9BFF92608}.Release|Any CPU.ActiveCfg = Release|Any CPU
		{F4AD2E47-287C-483D-9E00-7EE9BFF92608}.Release|Any CPU.Build.0 = Release|Any CPU
		{C9E538BC-3090-4599-AA9C-720803040583}.Debug|Any CPU.ActiveCfg = Debug|Any CPU
		{C9E538BC-3090-4599-AA9C-720803040583}.Debug|Any CPU.Build.0 = Debug|Any CPU
		{C9E538BC-3090-4599-AA9C-720803040583}.Release|Any CPU.ActiveCfg = Release|Any CPU
		{C9E538BC-3090-4599-AA9C-720803040583}.Release|Any CPU.Build.0 = Release|Any CPU
		{1AD50663-31CA-44C3-B024-D80D3AF12DAF}.Debug|Any CPU.ActiveCfg = Debug|Any CPU
		{1AD50663-31CA-44C3-B024-D80D3AF12DAF}.Debug|Any CPU.Build.0 = Debug|Any CPU
		{1AD50663-31CA-44C3-B024-D80D3AF12DAF}.Release|Any CPU.ActiveCfg = Release|Any CPU
		{1AD50663-31CA-44C3-B024-D80D3AF12DAF}.Release|Any CPU.Build.0 = Release|Any CPU
	EndGlobalSection
	GlobalSection(NestedProjects) = preSolution
		{6B87B05C-891A-491D-A2E1-AF49173C0BD6} = {EF6A128A-E4A9-462B-BADF-D1B17FA36D73}
		{F8146F23-605A-412A-97E4-57D677C744B1} = {6B87B05C-891A-491D-A2E1-AF49173C0BD6}
		{F4AD2E47-287C-483D-9E00-7EE9BFF92608} = {F8146F23-605A-412A-97E4-57D677C744B1}
		{F5F189A8-E468-41BE-8B3E-2D1DF31FA9B3} = {EF6A128A-E4A9-462B-BADF-D1B17FA36D73}
		{5C02ACB9-A984-4A9D-B06E-24FA1D03199E} = {F5F189A8-E468-41BE-8B3E-2D1DF31FA9B3}
		{C9E538BC-3090-4599-AA9C-720803040583} = {5C02ACB9-A984-4A9D-B06E-24FA1D03199E}
		{8DC4ED37-80E0-474C-BECC-0E0B740A6873} = {EF6A128A-E4A9-462B-BADF-D1B17FA36D73}
		{B5A9A283-B7A6-4616-8625-07F9E61F237C} = {8DC4ED37-80E0-474C-BECC-0E0B740A6873}
		{1AD50663-31CA-44C3-B024-D80D3AF12DAF} = {B5A9A283-B7A6-4616-8625-07F9E61F237C}
	EndGlobalSection
EndGlobal
